<?xml version="1.0" encoding="utf-8"?>
<Project ToolsVersion="4.0" xmlns="http://schemas.microsoft.com/developer/msbuild/2003">
  <ItemGroup>
    <Filter Include="Editor">
      <UniqueIdentifier>{d15a83a6-7144-4fb1-a3f7-3b42e1125497}</UniqueIdentifier>
    </Filter>
  </ItemGroup>
  <ItemGroup>
    <ClInclude Include="$(MSBuildThisFileDirectory)guiDebugObject.h" />
    <ClInclude Include="$(MSBuildThisFileDirectory)guiEditorObject.h" />
    <ClInclude Include="$(MSBuildThisFileDirectory)guiWidget.h" />
    <ClInclude Include="$(MSBuildThisFileDirectory)guiEditor.h">
      <Filter>Editor</Filter>
    </ClInclude>
  </ItemGroup>
  <ItemGroup>
    <ClCompile Include="$(MSBuildThisFileDirectory)guiDebugObject.cpp" />
    <ClCompile Include="$(MSBuildThisFileDirectory)guiEditorObject.cpp" />
    <ClCompile Include="$(MSBuildThisFileDirectory)guiWidget.cpp" />
    <ClCompile Include="$(MSBuildThisFileDirectory)guiEditor.cpp">
      <Filter>Editor</Filter>
    </ClCompile>
  </ItemGroup>
</Project>